// !$*UTF8*$!
{
	archiveVersion = 1;
	classes = {
	};
	objectVersion = 46;
	objects = {

/* Begin PBXBuildFile section */
		C672830A1A41F205008C4E16 /* main.m in Sources */ = {isa = PBXBuildFile; fileRef = C67283091A41F205008C4E16 /* main.m */; };
		C672830D1A41F205008C4E16 /* AppDelegate.m in Sources */ = {isa = PBXBuildFile; fileRef = C672830C1A41F205008C4E16 /* AppDelegate.m */; };
		C67283101A41F205008C4E16 /* LoginViewController.m in Sources */ = {isa = PBXBuildFile; fileRef = C672830F1A41F205008C4E16 /* LoginViewController.m */; };
		C67283131A41F205008C4E16 /* Main.storyboard in Resources */ = {isa = PBXBuildFile; fileRef = C67283111A41F205008C4E16 /* Main.storyboard */; };
		C67283151A41F205008C4E16 /* Images.xcassets in Resources */ = {isa = PBXBuildFile; fileRef = C67283141A41F205008C4E16 /* Images.xcassets */; };
		C67283181A41F205008C4E16 /* LaunchScreen.xib in Resources */ = {isa = PBXBuildFile; fileRef = C67283161A41F205008C4E16 /* LaunchScreen.xib */; };
		C67283241A41F205008C4E16 /* UIUnitTestAppExampleTests.m in Sources */ = {isa = PBXBuildFile; fileRef = C67283231A41F205008C4E16 /* UIUnitTestAppExampleTests.m */; };
		C672832F1A41F2D4008C4E16 /* ResultLoginViewController.m in Sources */ = {isa = PBXBuildFile; fileRef = C672832E1A41F2D4008C4E16 /* ResultLoginViewController.m */; };
		C67283321A41FD3E008C4E16 /* UITestLogin.m in Sources */ = {isa = PBXBuildFile; fileRef = C67283311A41FD3E008C4E16 /* UITestLogin.m */; };
		C67283381A4203DA008C4E16 /* libPods-UIUnitTestAppExampleTests-KIF.a in Frameworks */ = {isa = PBXBuildFile; fileRef = C67283371A4203DA008C4E16 /* libPods-UIUnitTestAppExampleTests-KIF.a */; };
		C672833A1A4203E1008C4E16 /* libPods-UIUnitTestAppExampleTests.a in Frameworks */ = {isa = PBXBuildFile; fileRef = C67283391A4203E1008C4E16 /* libPods-UIUnitTestAppExampleTests.a */; };
/* End PBXBuildFile section */

/* Begin PBXContainerItemProxy section */
		C672831E1A41F205008C4E16 /* PBXContainerItemProxy */ = {
			isa = PBXContainerItemProxy;
			containerPortal = C67282FC1A41F204008C4E16 /* Project object */;
			proxyType = 1;
			remoteGlobalIDString = C67283031A41F204008C4E16;
			remoteInfo = UIUnitTestAppExample;
		};
/* End PBXContainerItemProxy section */

/* Begin PBXFileReference section */
		1BB8F5037DF3E08C6C172A04 /* Pods-UIUnitTestAppExampleTests.debug.xcconfig */ = {isa = PBXFileReference; includeInIndex = 1; lastKnownFileType = text.xcconfig; name = "Pods-UIUnitTestAppExampleTests.debug.xcconfig"; path = "Pods/Target Support Files/Pods-UIUnitTestAppExampleTests/Pods-UIUnitTestAppExampleTests.debug.xcconfig"; sourceTree = "<group>"; };
		1E98639ADC360AFDEA7472AC /* Pods-UIUnitTestAppExampleTests.release.xcconfig */ = {isa = PBXFileReference; includeInIndex = 1; lastKnownFileType = text.xcconfig; name = "Pods-UIUnitTestAppExampleTests.release.xcconfig"; path = "Pods/Target Support Files/Pods-UIUnitTestAppExampleTests/Pods-UIUnitTestAppExampleTests.release.xcconfig"; sourceTree = "<group>"; };
		68CE7E2C596115FDFD5C83CB /* libPods-UIUnitTestAppExampleTests.a */ = {isa = PBXFileReference; explicitFileType = archive.ar; includeInIndex = 0; path = "libPods-UIUnitTestAppExampleTests.a"; sourceTree = BUILT_PRODUCTS_DIR; };
		6E1244FF8CDEF6E81AFD1D83 /* Pods.debug.xcconfig */ = {isa = PBXFileReference; includeInIndex = 1; lastKnownFileType = text.xcconfig; name = Pods.debug.xcconfig; path = "Pods/Target Support Files/Pods/Pods.debug.xcconfig"; sourceTree = "<group>"; };
		C67283041A41F204008C4E16 /* UIUnitTestAppExample.app */ = {isa = PBXFileReference; explicitFileType = wrapper.application; includeInIndex = 0; path = UIUnitTestAppExample.app; sourceTree = BUILT_PRODUCTS_DIR; };
		C67283081A41F205008C4E16 /* Info.plist */ = {isa = PBXFileReference; lastKnownFileType = text.plist.xml; path = Info.plist; sourceTree = "<group>"; };
		C67283091A41F205008C4E16 /* main.m */ = {isa = PBXFileReference; lastKnownFileType = sourcecode.c.objc; path = main.m; sourceTree = "<group>"; };
		C672830B1A41F205008C4E16 /* AppDelegate.h */ = {isa = PBXFileReference; lastKnownFileType = sourcecode.c.h; path = AppDelegate.h; sourceTree = "<group>"; };
		C672830C1A41F205008C4E16 /* AppDelegate.m */ = {isa = PBXFileReference; lastKnownFileType = sourcecode.c.objc; path = AppDelegate.m; sourceTree = "<group>"; };
		C672830E1A41F205008C4E16 /* LoginViewController.h */ = {isa = PBXFileReference; lastKnownFileType = sourcecode.c.h; path = LoginViewController.h; sourceTree = "<group>"; };
		C672830F1A41F205008C4E16 /* LoginViewController.m */ = {isa = PBXFileReference; lastKnownFileType = sourcecode.c.objc; path = LoginViewController.m; sourceTree = "<group>"; };
		C67283121A41F205008C4E16 /* Base */ = {isa = PBXFileReference; lastKnownFileType = file.storyboard; name = Base; path = Base.lproj/Main.storyboard; sourceTree = "<group>"; };
		C67283141A41F205008C4E16 /* Images.xcassets */ = {isa = PBXFileReference; lastKnownFileType = folder.assetcatalog; path = Images.xcassets; sourceTree = "<group>"; };
		C67283171A41F205008C4E16 /* Base */ = {isa = PBXFileReference; lastKnownFileType = file.xib; name = Base; path = Base.lproj/LaunchScreen.xib; sourceTree = "<group>"; };
		C672831D1A41F205008C4E16 /* UIUnitTestAppExampleTests.xctest */ = {isa = PBXFileReference; explicitFileType = wrapper.cfbundle; includeInIndex = 0; path = UIUnitTestAppExampleTests.xctest; sourceTree = BUILT_PRODUCTS_DIR; };
		C67283221A41F205008C4E16 /* Info.plist */ = {isa = PBXFileReference; lastKnownFileType = text.plist.xml; path = Info.plist; sourceTree = "<group>"; };
		C67283231A41F205008C4E16 /* UIUnitTestAppExampleTests.m */ = {isa = PBXFileReference; lastKnownFileType = sourcecode.c.objc; path = UIUnitTestAppExampleTests.m; sourceTree = "<group>"; };
		C672832D1A41F2D4008C4E16 /* ResultLoginViewController.h */ = {isa = PBXFileReference; fileEncoding = 4; lastKnownFileType = sourcecode.c.h; path = ResultLoginViewController.h; sourceTree = "<group>"; };
		C672832E1A41F2D4008C4E16 /* ResultLoginViewController.m */ = {isa = PBXFileReference; fileEncoding = 4; lastKnownFileType = sourcecode.c.objc; path = ResultLoginViewController.m; sourceTree = "<group>"; };
		C67283311A41FD3E008C4E16 /* UITestLogin.m */ = {isa = PBXFileReference; fileEncoding = 4; lastKnownFileType = sourcecode.c.objc; path = UITestLogin.m; sourceTree = "<group>"; };
		C67283331A41FDC3008C4E16 /* libPods-KIF.a */ = {isa = PBXFileReference; lastKnownFileType = archive.ar; name = "libPods-KIF.a"; path = "Pods/build/Debug-iphoneos/libPods-KIF.a"; sourceTree = "<group>"; };
		C67283371A4203DA008C4E16 /* libPods-UIUnitTestAppExampleTests-KIF.a */ = {isa = PBXFileReference; lastKnownFileType = archive.ar; name = "libPods-UIUnitTestAppExampleTests-KIF.a"; path = "Pods/build/Debug-iphoneos/libPods-UIUnitTestAppExampleTests-KIF.a"; sourceTree = "<group>"; };
		C67283391A4203E1008C4E16 /* libPods-UIUnitTestAppExampleTests.a */ = {isa = PBXFileReference; lastKnownFileType = archive.ar; name = "libPods-UIUnitTestAppExampleTests.a"; path = "Pods/build/Debug-iphoneos/libPods-UIUnitTestAppExampleTests.a"; sourceTree = "<group>"; };
		E796341083C35A1A9B481A42 /* Pods.release.xcconfig */ = {isa = PBXFileReference; includeInIndex = 1; lastKnownFileType = text.xcconfig; name = Pods.release.xcconfig; path = "Pods/Target Support Files/Pods/Pods.release.xcconfig"; sourceTree = "<group>"; };
		F02B2BCBC58D4C26B32975A4 /* libPods.a */ = {isa = PBXFileReference; explicitFileType = archive.ar; includeInIndex = 0; path = libPods.a; sourceTree = BUILT_PRODUCTS_DIR; };
/* End PBXFileReference section */

/* Begin PBXFrameworksBuildPhase section */
		C67283011A41F204008C4E16 /* Frameworks */ = {
			isa = PBXFrameworksBuildPhase;
			buildActionMask = 2147483647;
			files = (
			);
			runOnlyForDeploymentPostprocessing = 0;
		};
		C672831A1A41F205008C4E16 /* Frameworks */ = {
			isa = PBXFrameworksBuildPhase;
			buildActionMask = 2147483647;
			files = (
				C672833A1A4203E1008C4E16 /* libPods-UIUnitTestAppExampleTests.a in Frameworks */,
				C67283381A4203DA008C4E16 /* libPods-UIUnitTestAppExampleTests-KIF.a in Frameworks */,
			);
			runOnlyForDeploymentPostprocessing = 0;
		};
/* End PBXFrameworksBuildPhase section */

/* Begin PBXGroup section */
		197EE5AEC65F39057F774F54 /* Frameworks */ = {
			isa = PBXGroup;
			children = (
				C67283391A4203E1008C4E16 /* libPods-UIUnitTestAppExampleTests.a */,
				C67283371A4203DA008C4E16 /* libPods-UIUnitTestAppExampleTests-KIF.a */,
				C67283331A41FDC3008C4E16 /* libPods-KIF.a */,
				F02B2BCBC58D4C26B32975A4 /* libPods.a */,
				68CE7E2C596115FDFD5C83CB /* libPods-UIUnitTestAppExampleTests.a */,
			);
			name = Frameworks;
			sourceTree = "<group>";
		};
		24DA53F7E793A3570F7CEA0C /* Pods */ = {
			isa = PBXGroup;
			children = (
				6E1244FF8CDEF6E81AFD1D83 /* Pods.debug.xcconfig */,
				E796341083C35A1A9B481A42 /* Pods.release.xcconfig */,
				1BB8F5037DF3E08C6C172A04 /* Pods-UIUnitTestAppExampleTests.debug.xcconfig */,
				1E98639ADC360AFDEA7472AC /* Pods-UIUnitTestAppExampleTests.release.xcconfig */,
			);
			name = Pods;
			sourceTree = "<group>";
		};
		C67282FB1A41F204008C4E16 = {
			isa = PBXGroup;
			children = (
				C67283061A41F204008C4E16 /* UIUnitTestAppExample */,
				C67283201A41F205008C4E16 /* UIUnitTestAppExampleTests */,
				C67283051A41F204008C4E16 /* Products */,
				24DA53F7E793A3570F7CEA0C /* Pods */,
				197EE5AEC65F39057F774F54 /* Frameworks */,
			);
			sourceTree = "<group>";
		};
		C67283051A41F204008C4E16 /* Products */ = {
			isa = PBXGroup;
			children = (
				C67283041A41F204008C4E16 /* UIUnitTestAppExample.app */,
				C672831D1A41F205008C4E16 /* UIUnitTestAppExampleTests.xctest */,
			);
			name = Products;
			sourceTree = "<group>";
		};
		C67283061A41F204008C4E16 /* UIUnitTestAppExample */ = {
			isa = PBXGroup;
			children = (
				C672830B1A41F205008C4E16 /* AppDelegate.h */,
				C672830C1A41F205008C4E16 /* AppDelegate.m */,
				C672830E1A41F205008C4E16 /* LoginViewController.h */,
				C672830F1A41F205008C4E16 /* LoginViewController.m */,
				C672832D1A41F2D4008C4E16 /* ResultLoginViewController.h */,
				C672832E1A41F2D4008C4E16 /* ResultLoginViewController.m */,
				C67283111A41F205008C4E16 /* Main.storyboard */,
				C67283141A41F205008C4E16 /* Images.xcassets */,
				C67283161A41F205008C4E16 /* LaunchScreen.xib */,
				C67283071A41F204008C4E16 /* Supporting Files */,
			);
			path = UIUnitTestAppExample;
			sourceTree = "<group>";
		};
		C67283071A41F204008C4E16 /* Supporting Files */ = {
			isa = PBXGroup;
			children = (
				C67283081A41F205008C4E16 /* Info.plist */,
				C67283091A41F205008C4E16 /* main.m */,
			);
			name = "Supporting Files";
			sourceTree = "<group>";
		};
		C67283201A41F205008C4E16 /* UIUnitTestAppExampleTests */ = {
			isa = PBXGroup;
			children = (
				C67283311A41FD3E008C4E16 /* UITestLogin.m */,
				C67283231A41F205008C4E16 /* UIUnitTestAppExampleTests.m */,
				C67283211A41F205008C4E16 /* Supporting Files */,
			);
			path = UIUnitTestAppExampleTests;
			sourceTree = "<group>";
		};
		C67283211A41F205008C4E16 /* Supporting Files */ = {
			isa = PBXGroup;
			children = (
				C67283221A41F205008C4E16 /* Info.plist */,
			);
			name = "Supporting Files";
			sourceTree = "<group>";
		};
/* End PBXGroup section */

/* Begin PBXNativeTarget section */
		C67283031A41F204008C4E16 /* UIUnitTestAppExample */ = {
			isa = PBXNativeTarget;
			buildConfigurationList = C67283271A41F205008C4E16 /* Build configuration list for PBXNativeTarget "UIUnitTestAppExample" */;
			buildPhases = (
				C67283001A41F204008C4E16 /* Sources */,
				C67283011A41F204008C4E16 /* Frameworks */,
				C67283021A41F204008C4E16 /* Resources */,
			);
			buildRules = (
			);
			dependencies = (
			);
			name = UIUnitTestAppExample;
			productName = UIUnitTestAppExample;
			productReference = C67283041A41F204008C4E16 /* UIUnitTestAppExample.app */;
			productType = "com.apple.product-type.application";
		};
		C672831C1A41F205008C4E16 /* UIUnitTestAppExampleTests */ = {
			isa = PBXNativeTarget;
			buildConfigurationList = C672832A1A41F205008C4E16 /* Build configuration list for PBXNativeTarget "UIUnitTestAppExampleTests" */;
			buildPhases = (
				C67283191A41F205008C4E16 /* Sources */,
				C672831A1A41F205008C4E16 /* Frameworks */,
				C672831B1A41F205008C4E16 /* Resources */,
			);
			buildRules = (
			);
			dependencies = (
				C672831F1A41F205008C4E16 /* PBXTargetDependency */,
			);
			name = UIUnitTestAppExampleTests;
			productName = UIUnitTestAppExampleTests;
			productReference = C672831D1A41F205008C4E16 /* UIUnitTestAppExampleTests.xctest */;
			productType = "com.apple.product-type.bundle.unit-test";
		};
/* End PBXNativeTarget section */

/* Begin PBXProject section */
		C67282FC1A41F204008C4E16 /* Project object */ = {
			isa = PBXProject;
			attributes = {
				LastUpgradeCheck = 0610;
				ORGANIZATIONNAME = "Roman Mochalov";
				TargetAttributes = {
					C67283031A41F204008C4E16 = {
						CreatedOnToolsVersion = 6.1;
					};
					C672831C1A41F205008C4E16 = {
						CreatedOnToolsVersion = 6.1;
						TestTargetID = C67283031A41F204008C4E16;
					};
				};
			};
			buildConfigurationList = C67282FF1A41F204008C4E16 /* Build configuration list for PBXProject "UIUnitTestAppExample" */;
			compatibilityVersion = "Xcode 3.2";
			developmentRegion = English;
			hasScannedForEncodings = 0;
			knownRegions = (
				en,
				Base,
			);
			mainGroup = C67282FB1A41F204008C4E16;
			productRefGroup = C67283051A41F204008C4E16 /* Products */;
			projectDirPath = "";
			projectRoot = "";
			targets = (
				C67283031A41F204008C4E16 /* UIUnitTestAppExample */,
				C672831C1A41F205008C4E16 /* UIUnitTestAppExampleTests */,
			);
		};
/* End PBXProject section */

/* Begin PBXResourcesBuildPhase section */
		C67283021A41F204008C4E16 /* Resources */ = {
			isa = PBXResourcesBuildPhase;
			buildActionMask = 2147483647;
			files = (
				C67283131A41F205008C4E16 /* Main.storyboard in Resources */,
				C67283181A41F205008C4E16 /* LaunchScreen.xib in Resources */,
				C67283151A41F205008C4E16 /* Images.xcassets in Resources */,
			);
			runOnlyForDeploymentPostprocessing = 0;
		};
		C672831B1A41F205008C4E16 /* Resources */ = {
			isa = PBXResourcesBuildPhase;
			buildActionMask = 2147483647;
			files = (
			);
			runOnlyForDeploymentPostprocessing = 0;
		};
/* End PBXResourcesBuildPhase section */

/* Begin PBXSourcesBuildPhase section */
		C67283001A41F204008C4E16 /* Sources */ = {
			isa = PBXSourcesBuildPhase;
			buildActionMask = 2147483647;
			files = (
				C67283101A41F205008C4E16 /* LoginViewController.m in Sources */,
				C672832F1A41F2D4008C4E16 /* ResultLoginViewController.m in Sources */,
				C672830D1A41F205008C4E16 /* AppDelegate.m in Sources */,
				C672830A1A41F205008C4E16 /* main.m in Sources */,
			);
			runOnlyForDeploymentPostprocessing = 0;
		};
		C67283191A41F205008C4E16 /* Sources */ = {
			isa = PBXSourcesBuildPhase;
			buildActionMask = 2147483647;
			files = (
				C67283241A41F205008C4E16 /* UIUnitTestAppExampleTests.m in Sources */,
				C67283321A41FD3E008C4E16 /* UITestLogin.m in Sources */,
			);
			runOnlyForDeploymentPostprocessing = 0;
		};
/* End PBXSourcesBuildPhase section */

/* Begin PBXTargetDependency section */
		C672831F1A41F205008C4E16 /* PBXTargetDependency */ = {
			isa = PBXTargetDependency;
			target = C67283031A41F204008C4E16 /* UIUnitTestAppExample */;
			targetProxy = C672831E1A41F205008C4E16 /* PBXContainerItemProxy */;
		};
/* End PBXTargetDependency section */

/* Begin PBXVariantGroup section */
		C67283111A41F205008C4E16 /* Main.storyboard */ = {
			isa = PBXVariantGroup;
			children = (
				C67283121A41F205008C4E16 /* Base */,
			);
			name = Main.storyboard;
			sourceTree = "<group>";
		};
		C67283161A41F205008C4E16 /* LaunchScreen.xib */ = {
			isa = PBXVariantGroup;
			children = (
				C67283171A41F205008C4E16 /* Base */,
			);
			name = LaunchScreen.xib;
			sourceTree = "<group>";
		};
/* End PBXVariantGroup section */

/* Begin XCBuildConfiguration section */
		C67283251A41F205008C4E16 /* Debug */ = {
			isa = XCBuildConfiguration;
			buildSettings = {
				ALWAYS_SEARCH_USER_PATHS = NO;
				CLANG_CXX_LANGUAGE_STANDARD = "gnu++0x";
				CLANG_CXX_LIBRARY = "libc++";
				CLANG_ENABLE_MODULES = YES;
				CLANG_ENABLE_OBJC_ARC = YES;
				CLANG_WARN_BOOL_CONVERSION = YES;
				CLANG_WARN_CONSTANT_CONVERSION = YES;
				CLANG_WARN_DIRECT_OBJC_ISA_USAGE = YES_ERROR;
				CLANG_WARN_EMPTY_BODY = YES;
				CLANG_WARN_ENUM_CONVERSION = YES;
				CLANG_WARN_INT_CONVERSION = YES;
				CLANG_WARN_OBJC_ROOT_CLASS = YES_ERROR;
				CLANG_WARN_UNREACHABLE_CODE = YES;
				CLANG_WARN__DUPLICATE_METHOD_MATCH = YES;
				"CODE_SIGN_IDENTITY[sdk=iphoneos*]" = "iPhone Developer";
				COPY_PHASE_STRIP = NO;
				ENABLE_STRICT_OBJC_MSGSEND = YES;
				GCC_C_LANGUAGE_STANDARD = gnu99;
				GCC_DYNAMIC_NO_PIC = NO;
				GCC_OPTIMIZATION_LEVEL = 0;
				GCC_PREPROCESSOR_DEFINITIONS = (
					"DEBUG=1",
					"$(inherited)",
				);
				GCC_SYMBOLS_PRIVATE_EXTERN = NO;
				GCC_WARN_64_TO_32_BIT_CONVERSION = YES;
				GCC_WARN_ABOUT_RETURN_TYPE = YES_ERROR;
				GCC_WARN_UNDECLARED_SELECTOR = YES;
				GCC_WARN_UNINITIALIZED_AUTOS = YES_AGGRESSIVE;
				GCC_WARN_UNUSED_FUNCTION = YES;
				GCC_WARN_UNUSED_VARIABLE = YES;
				IPHONEOS_DEPLOYMENT_TARGET = 8.1;
				MTL_ENABLE_DEBUG_INFO = YES;
				ONLY_ACTIVE_ARCH = NO;
				SDKROOT = iphoneos;
			};
			name = Debug;
		};
		C67283261A41F205008C4E16 /* Release */ = {
			isa = XCBuildConfiguration;
			buildSettings = {
				ALWAYS_SEARCH_USER_PATHS = NO;
				CLANG_CXX_LANGUAGE_STANDARD = "gnu++0x";
				CLANG_CXX_LIBRARY = "libc++";
				CLANG_ENABLE_MODULES = YES;
				CLANG_ENABLE_OBJC_ARC = YES;
				CLANG_WARN_BOOL_CONVERSION = YES;
				CLANG_WARN_CONSTANT_CONVERSION = YES;
				CLANG_WARN_DIRECT_OBJC_ISA_USAGE = YES_ERROR;
				CLANG_WARN_EMPTY_BODY = YES;
				CLANG_WARN_ENUM_CONVERSION = YES;
				CLANG_WARN_INT_CONVERSION = YES;
				CLANG_WARN_OBJC_ROOT_CLASS = YES_ERROR;
				CLANG_WARN_UNREACHABLE_CODE = YES;
				CLANG_WARN__DUPLICATE_METHOD_MATCH = YES;
				"CODE_SIGN_IDENTITY[sdk=iphoneos*]" = "iPhone Developer";
				COPY_PHASE_STRIP = YES;
				ENABLE_NS_ASSERTIONS = NO;
				ENABLE_STRICT_OBJC_MSGSEND = YES;
				GCC_C_LANGUAGE_STANDARD = gnu99;
				GCC_WARN_64_TO_32_BIT_CONVERSION = YES;
				GCC_WARN_ABOUT_RETURN_TYPE = YES_ERROR;
				GCC_WARN_UNDECLARED_SELECTOR = YES;
				GCC_WARN_UNINITIALIZED_AUTOS = YES_AGGRESSIVE;
				GCC_WARN_UNUSED_FUNCTION = YES;
				GCC_WARN_UNUSED_VARIABLE = YES;
				IPHONEOS_DEPLOYMENT_TARGET = 8.1;
				MTL_ENABLE_DEBUG_INFO = NO;
				SDKROOT = iphoneos;
				VALIDATE_PRODUCT = YES;
			};
			name = Release;
		};
		C67283281A41F205008C4E16 /* Debug */ = {
			isa = XCBuildConfiguration;
			baseConfigurationReference = 6E1244FF8CDEF6E81AFD1D83 /* Pods.debug.xcconfig */;
			buildSettings = {
				ASSETCATALOG_COMPILER_APPICON_NAME = AppIcon;
				INFOPLIST_FILE = UIUnitTestAppExample/Info.plist;
				LD_RUNPATH_SEARCH_PATHS = "$(inherited) @executable_path/Frameworks";
				PRODUCT_NAME = "$(TARGET_NAME)";
			};
			name = Debug;
		};
		C67283291A41F205008C4E16 /* Release */ = {
			isa = XCBuildConfiguration;
			baseConfigurationReference = E796341083C35A1A9B481A42 /* Pods.release.xcconfig */;
			buildSettings = {
				ASSETCATALOG_COMPILER_APPICON_NAME = AppIcon;
				INFOPLIST_FILE = UIUnitTestAppExample/Info.plist;
				LD_RUNPATH_SEARCH_PATHS = "$(inherited) @executable_path/Frameworks";
				PRODUCT_NAME = "$(TARGET_NAME)";
			};
			name = Release;
		};
		C672832B1A41F205008C4E16 /* Debug */ = {
			isa = XCBuildConfiguration;
			baseConfigurationReference = 1BB8F5037DF3E08C6C172A04 /* Pods-UIUnitTestAppExampleTests.debug.xcconfig */;
			buildSettings = {
				BUNDLE_LOADER = "$(TEST_HOST)";
				FRAMEWORK_SEARCH_PATHS = (
					"$(SDKROOT)/Developer/Library/Frameworks",
					"$(inherited)",
				);
				GCC_PREPROCESSOR_DEFINITIONS = (
					"DEBUG=1",
					"$(inherited)",
				);
				INFOPLIST_FILE = UIUnitTestAppExampleTests/Info.plist;
				LD_RUNPATH_SEARCH_PATHS = "$(inherited) @executable_path/Frameworks @loader_path/Frameworks";
				LIBRARY_SEARCH_PATHS = (
					"$(inherited)",
					"$(PROJECT_DIR)/Pods/build/Debug-iphoneos",
				);
				PRODUCT_NAME = "$(TARGET_NAME)";
				TEST_HOST = "$(BUILT_PRODUCTS_DIR)/UIUnitTestAppExample.app/UIUnitTestAppExample";
			};
			name = Debug;
		};
		C672832C1A41F205008C4E16 /* Release */ = {
			isa = XCBuildConfiguration;
			baseConfigurationReference = 1E98639ADC360AFDEA7472AC /* Pods-UIUnitTestAppExampleTests.release.xcconfig */;
			buildSettings = {
				BUNDLE_LOADER = "$(TEST_HOST)";
				FRAMEWORK_SEARCH_PATHS = (
					"$(SDKROOT)/Developer/Library/Frameworks",
					"$(inherited)",
				);
				INFOPLIST_FILE = UIUnitTestAppExampleTests/Info.plist;
				LD_RUNPATH_SEARCH_PATHS = "$(inherited) @executable_path/Frameworks @loader_path/Frameworks";
				LIBRARY_SEARCH_PATHS = (
					"$(inherited)",
					"$(PROJECT_DIR)/Pods/build/Debug-iphoneos",
				);
				PRODUCT_NAME = "$(TARGET_NAME)";
				TEST_HOST = "$(BUILT_PRODUCTS_DIR)/UIUnitTestAppExample.app/UIUnitTestAppExample";
			};
			name = Release;
		};
/* End XCBuildConfiguration section */

/* Begin XCConfigurationList section */
		C67282FF1A41F204008C4E16 /* Build configuration list for PBXProject "UIUnitTestAppExample" */ = {
			isa = XCConfigurationList;
			buildConfigurations = (
				C67283251A41F205008C4E16 /* Debug */,
				C67283261A41F205008C4E16 /* Release */,
			);
			defaultConfigurationIsVisible = 0;
			defaultConfigurationName = Release;
		};
		C67283271A41F205008C4E16 /* Build configuration list for PBXNativeTarget "UIUnitTestAppExample" */ = {
			isa = XCConfigurationList;
			buildConfigurations = (
				C67283281A41F205008C4E16 /* Debug */,
				C67283291A41F205008C4E16 /* Release */,
			);
			defaultConfigurationIsVisible = 0;
			defaultConfigurationName = Release;
		};
		C672832A1A41F205008C4E16 /* Build configuration list for PBXNativeTarget "UIUnitTestAppExampleTests" */ = {
			isa = XCConfigurationList;
			buildConfigurations = (
				C672832B1A41F205008C4E16 /* Debug */,
				C672832C1A41F205008C4E16 /* Release */,
			);
			defaultConfigurationIsVisible = 0;
			defaultConfigurationName = Release;
		};
/* End XCConfigurationList section */
	};
	rootObject = C67282FC1A41F204008C4E16 /* Project object */;
}
